
Microsoft Visual Studio Solution File, Format Version 12.00
# Visual Studio 15
VisualStudioVersion = 15.0.28307.705
MinimumVisualStudioVersion = 10.0.40219.1
Project("{FAE04EC0-301F-11D3-BF4B-00C04F79EFBC}") = "TrendCheckerdService", "TrendCheckerdService\TrendCheckerdService.csproj", "{A47BA9EA-7416-4A41-92F2-465539805EC3}"
EndProject
Global
	GlobalSection(SolutionConfigurationPlatforms) = preSolution
		Debug|Any CPU = Debug|Any CPU
		Release|Any CPU = Release|Any CPU
	EndGlobalSection
	GlobalSection(ProjectConfigurationPlatforms) = postSolution
		{A47BA9EA-7416-4A41-92F2-465539805EC3}.Debug|Any CPU.ActiveCfg = Debug|Any CPU
		{A47BA9EA-7416-4A41-92F2-465539805EC3}.Debug|Any CPU.Build.0 = Debug|Any CPU
		{A47BA9EA-7416-4A41-92F2-465539805EC3}.Release|Any CPU.ActiveCfg = Release|Any CPU
		{A47BA9EA-7416-4A41-92F2-465539805EC3}.Release|Any CPU.Build.0 = Release|Any CPU
	EndGlobalSection
	GlobalSection(SolutionProperties) = preSolution
		HideSolutionNode = FALSE
	EndGlobalSection
	GlobalSection(ExtensibilityGlobals) = postSolution
		SolutionGuid = {3C872473-1253-494A-A93F-251A6F3BE6C7}
	EndGlobalSection
EndGlobal
